{
  "requires": true,
  "lockfileVersion": 1,
  "dependencies": {
    "@microsoft/load-themed-styles": {
      "version": "1.10.27",
      "resolved": "https://registry.npmjs.org/@microsoft/load-themed-styles/-/load-themed-styles-1.10.27.tgz",
      "integrity": "sha512-73+6zikOqgxhKQYJhW+BUZUe/NO6nOM0cJOcyI03iLbnCc592/PPsgDb9AcpIa+p7GZ9QHZR+YT1uyjHG7y26g=="
    },
    "@uifabric/foundation": {
      "version": "7.5.0",
      "resolved": "https://registry.npmjs.org/@uifabric/foundation/-/foundation-7.5.0.tgz",
      "integrity": "sha512-eymMyV3e+MFCkcfC1AFIAzVP/h6/QvDcYb1l6K3IaG1QG47ZwijJJXseEvNDjimfUiJhez9H7cSsRZPIIJ5MaQ==",
      "requires": {
        "@uifabric/merge-styles": "^7.8.0",
        "@uifabric/set-version": "^7.0.2",
        "@uifabric/styling": "^7.7.2",
        "@uifabric/utilities": "^7.5.0",
        "tslib": "^1.7.1"
      }
    },
    "@uifabric/icons": {
      "version": "7.3.0",
      "resolved": "https://registry.npmjs.org/@uifabric/icons/-/icons-7.3.0.tgz",
      "integrity": "sha512-wbcR8fJce20sPjsK2bbTC/cAZfAOFuE4dd4LHw194+8H+/dqotsowrQVp5Lu8aaHGQk+fXoiZmUy30WA9cAG4Q==",
      "requires": {
        "@uifabric/set-version": "^7.0.2",
        "@uifabric/styling": "^7.7.1",
        "tslib": "^1.7.1"
      }
    },
    "@uifabric/merge-styles": {
      "version": "7.8.1",
      "resolved": "https://registry.npmjs.org/@uifabric/merge-styles/-/merge-styles-7.8.1.tgz",
      "integrity": "sha512-DJBXNsYfrYQ3wCjOE197JqXTkqwfPlGJhQkhYMBwO76ovKBQyJxT8m6NL8og5F9blnIBdCJPrvRUz/21/WlUGg==",
      "requires": {
        "@uifabric/set-version": "^7.0.2",
        "tslib": "^1.7.1"
      }
    },
    "@uifabric/react-hooks": {
      "version": "7.0.1",
      "resolved": "https://registry.npmjs.org/@uifabric/react-hooks/-/react-hooks-7.0.1.tgz",
      "integrity": "sha512-cIr/ToLvc48D7A+XJrH/rHmSa/YmonvyFGHykFqHKiFSYiGKvc50GIyRJ/gkOUDuaaYVThWRwBQNOIMr3iFCYA==",
      "requires": {
        "@uifabric/set-version": "^7.0.2",
        "@uifabric/utilities": "^7.0.10",
        "tslib": "^1.7.1"
      }
    },
    "@uifabric/set-version": {
      "version": "7.0.2",
      "resolved": "https://registry.npmjs.org/@uifabric/set-version/-/set-version-7.0.2.tgz",
      "integrity": "sha512-3mQp7gqPOqphwX74j+N/lJEFeivKPv8ryY9QFXUxVPnrXNwpIkDW9Wk6CPqArzgGvQngRRKYD/PcyP5iuHN52A==",
      "requires": {
        "tslib": "^1.7.1"
      }
    },
    "@uifabric/styling": {
      "version": "7.8.1",
      "resolved": "https://registry.npmjs.org/@uifabric/styling/-/styling-7.8.1.tgz",
      "integrity": "sha512-hGbaH6l0Y4IvSY+9tDiebfrFJx9PmL+LSOAsqLPDCr6ihEJdMP36+TVpGrM5ZJrkm8COasu7C4NOPDeenDiqTw==",
      "requires": {
        "@microsoft/load-themed-styles": "^1.7.13",
        "@uifabric/merge-styles": "^7.8.1",
        "@uifabric/set-version": "^7.0.2",
        "@uifabric/utilities": "^7.8.0",
        "tslib": "^1.7.1"
      }
    },
    "@uifabric/utilities": {
      "version": "7.9.0",
      "resolved": "https://registry.npmjs.org/@uifabric/utilities/-/utilities-7.9.0.tgz",
      "integrity": "sha512-1kpJp8hcRT+Dgj9Ij3l/u2JMgX0WkTooYkR75pfesGhuEG6x8XCPq28fLbL6SazzWc3X4GuRe47lYoJxldKpuA==",
      "requires": {
        "@uifabric/merge-styles": "^7.8.1",
        "@uifabric/set-version": "^7.0.2",
        "prop-types": "^15.5.10",
        "tslib": "^1.7.1"
      }
    },
    "js-tokens": {
      "version": "4.0.0",
      "resolved": "https://registry.npmjs.org/js-tokens/-/js-tokens-4.0.0.tgz",
      "integrity": "sha512-RdJUflcE3cUzKiMqQgsCu06FPu9UdIJO0beYbPhHN4k6apgJtifcoCtT9bcxOpYBtpD2kCM6Sbzg4CausW/PKQ=="
    },
    "loose-envify": {
      "version": "1.4.0",
      "resolved": "https://registry.npmjs.org/loose-envify/-/loose-envify-1.4.0.tgz",
      "integrity": "sha512-lyuxPGr/Wfhrlem2CL/UcnUc1zcqKAImBDzukY7Y5F/yQiNdko6+fRLevlw1HgMySw7f611UIY408EtxRSoK3Q==",
      "requires": {
        "js-tokens": "^3.0.0 || ^4.0.0"
      }
    },
    "object-assign": {
      "version": "4.1.1",
      "resolved": "https://registry.npmjs.org/object-assign/-/object-assign-4.1.1.tgz",
      "integrity": "sha1-IQmtx5ZYh8/AXLvUQsrIv7s2CGM="
    },
    "office-ui-fabric-react": {
      "version": "7.78.3",
      "resolved": "https://registry.npmjs.org/office-ui-fabric-react/-/office-ui-fabric-react-7.78.3.tgz",
      "integrity": "sha512-mdErMhLjhHfDRT6Os7pGSKxzltunZAfrSUx9pzsCbMNL3qpPv481qetdm2fBQgxjkt94W7MM1z3uu3EQvtEFDQ==",
      "requires": {
        "@microsoft/load-themed-styles": "^1.7.13",
        "@uifabric/foundation": "^7.5.0",
        "@uifabric/icons": "^7.3.0",
        "@uifabric/merge-styles": "^7.8.1",
        "@uifabric/react-hooks": "^7.0.1",
        "@uifabric/set-version": "^7.0.2",
        "@uifabric/styling": "^7.8.1",
        "@uifabric/utilities": "^7.9.0",
        "prop-types": "^15.5.10",
        "tslib": "^1.7.1"
      }
    },
    "prop-types": {
      "version": "15.7.2",
      "resolved": "https://registry.npmjs.org/prop-types/-/prop-types-15.7.2.tgz",
      "integrity": "sha512-8QQikdH7//R2vurIJSutZ1smHYTcLpRWEOlHnzcWHmBYrOGUysKwSsrC89BCiFj3CbrfJ/nXFdJepOVrY1GCHQ==",
      "requires": {
        "loose-envify": "^1.4.0",
        "object-assign": "^4.1.1",
        "react-is": "^16.8.1"
      }
    },
    "react-is": {
      "version": "16.12.0",
      "resolved": "https://registry.npmjs.org/react-is/-/react-is-16.12.0.tgz",
      "integrity": "sha512-rPCkf/mWBtKc97aLL9/txD8DZdemK0vkA3JMLShjlJB3Pj3s+lpf1KaBzMfQrAmhMQB0n1cU/SUGgKKBCe837Q=="
    },
    "tslib": {
      "version": "1.10.0",
      "resolved": "https://registry.npmjs.org/tslib/-/tslib-1.10.0.tgz",
      "integrity": "sha512-qOebF53frne81cf0S9B41ByenJ3/IuH8yJKngAX35CmiZySA0khhkovshKK+jGCaMnVomla7gVlIcc3EvKPbTQ=="
    }
  }
}
